
Microsoft Visual Studio Solution File, Format Version 12.00
# Visual Studio Version 17
VisualStudioVersion = 17.8.34511.84
MinimumVisualStudioVersion = 10.0.40219.1
Project("{FAE04EC0-301F-11D3-BF4B-00C04F79EFBC}") = "BulkyBook", "BulkyBook\BulkyBook.csproj", "{296CD15C-3D09-4E68-A5F4-58FA6D2F5D3A}"
EndProject
Global
	GlobalSection(SolutionConfigurationPlatforms) = preSolution
		Debug|Any CPU = Debug|Any CPU
		Release|Any CPU = Release|Any CPU
	EndGlobalSection
	GlobalSection(ProjectConfigurationPlatforms) = postSolution
		{296CD15C-3D09-4E68-A5F4-58FA6D2F5D3A}.Debug|Any CPU.ActiveCfg = Debug|Any CPU
		{296CD15C-3D09-4E68-A5F4-58FA6D2F5D3A}.Debug|Any CPU.Build.0 = Debug|Any CPU
		{296CD15C-3D09-4E68-A5F4-58FA6D2F5D3A}.Release|Any CPU.ActiveCfg = Release|Any CPU
		{296CD15C-3D09-4E68-A5F4-58FA6D2F5D3A}.Release|Any CPU.Build.0 = Release|Any CPU
	EndGlobalSection
	GlobalSection(SolutionProperties) = preSolution
		HideSolutionNode = FALSE
	EndGlobalSection
	GlobalSection(ExtensibilityGlobals) = postSolution
		SolutionGuid = {9C6D315B-FBE6-4EF8-8509-CFFBB3B24763}
	EndGlobalSection
EndGlobal
